
Microsoft Visual Studio Solution File, Format Version 12.00
# Visual Studio Version 16
VisualStudioVersion = 16.0.29306.81
MinimumVisualStudioVersion = 10.0.40219.1
Project("{FAE04EC0-301F-11D3-BF4B-00C04F79EFBC}") = "StringTesty", "StringTesty\StringTesty.csproj", "{5877365D-A297-47C3-98B2-905AA04060E7}"
EndProject
Project("{FAE04EC0-301F-11D3-BF4B-00C04F79EFBC}") = "StringTest", "StringTest\StringTest.csproj", "{0BF816CD-903F-4DDD-BF67-5F23B3C12927}"
EndProject
Global
	GlobalSection(SolutionConfigurationPlatforms) = preSolution
		Debug|Any CPU = Debug|Any CPU
		Release|Any CPU = Release|Any CPU
	EndGlobalSection
	GlobalSection(ProjectConfigurationPlatforms) = postSolution
		{5877365D-A297-47C3-98B2-905AA04060E7}.Debug|Any CPU.ActiveCfg = Debug|Any CPU
		{5877365D-A297-47C3-98B2-905AA04060E7}.Debug|Any CPU.Build.0 = Debug|Any CPU
		{5877365D-A297-47C3-98B2-905AA04060E7}.Release|Any CPU.ActiveCfg = Release|Any CPU
		{5877365D-A297-47C3-98B2-905AA04060E7}.Release|Any CPU.Build.0 = Release|Any CPU
		{0BF816CD-903F-4DDD-BF67-5F23B3C12927}.Debug|Any CPU.ActiveCfg = Debug|Any CPU
		{0BF816CD-903F-4DDD-BF67-5F23B3C12927}.Debug|Any CPU.Build.0 = Debug|Any CPU
		{0BF816CD-903F-4DDD-BF67-5F23B3C12927}.Release|Any CPU.ActiveCfg = Release|Any CPU
		{0BF816CD-903F-4DDD-BF67-5F23B3C12927}.Release|Any CPU.Build.0 = Release|Any CPU
	EndGlobalSection
	GlobalSection(SolutionProperties) = preSolution
		HideSolutionNode = FALSE
	EndGlobalSection
	GlobalSection(ExtensibilityGlobals) = postSolution
		SolutionGuid = {17F0084D-FD15-4504-9E69-95C6505BEDE7}
	EndGlobalSection
EndGlobal
